// !$*UTF8*$!
{
	archiveVersion = 1;
	classes = {
	};
	objectVersion = 46;
	objects = {

/* Begin PBXBuildFile section */
		F3C5BC7E1429CFE200D1ABCF /* UIKit.framework in Frameworks */ = {isa = PBXBuildFile; fileRef = F3C5BC7D1429CFE200D1ABCF /* UIKit.framework */; };
		F3C5BC801429CFE200D1ABCF /* Foundation.framework in Frameworks */ = {isa = PBXBuildFile; fileRef = F3C5BC7F1429CFE200D1ABCF /* Foundation.framework */; };
		F3C5BC821429CFE200D1ABCF /* CoreGraphics.framework in Frameworks */ = {isa = PBXBuildFile; fileRef = F3C5BC811429CFE200D1ABCF /* CoreGraphics.framework */; };
		F3C5BC881429CFE300D1ABCF /* InfoPlist.strings in Resources */ = {isa = PBXBuildFile; fileRef = F3C5BC861429CFE300D1ABCF /* InfoPlist.strings */; };
		F3C5BC8A1429CFE300D1ABCF /* main.m in Sources */ = {isa = PBXBuildFile; fileRef = F3C5BC891429CFE300D1ABCF /* main.m */; };
		F3C5BC8E1429CFE300D1ABCF /* TableAppDelegate.m in Sources */ = {isa = PBXBuildFile; fileRef = F3C5BC8D1429CFE300D1ABCF /* TableAppDelegate.m */; };
		F3C5BC911429CFE300D1ABCF /* MainWindow.xib in Resources */ = {isa = PBXBuildFile; fileRef = F3C5BC8F1429CFE300D1ABCF /* MainWindow.xib */; };
		F3C5BC941429CFE300D1ABCF /* TableViewController.m in Sources */ = {isa = PBXBuildFile; fileRef = F3C5BC931429CFE300D1ABCF /* TableViewController.m */; };
		F3C5BC971429CFE300D1ABCF /* TableViewController.xib in Resources */ = {isa = PBXBuildFile; fileRef = F3C5BC951429CFE300D1ABCF /* TableViewController.xib */; };
/* End PBXBuildFile section */

/* Begin PBXFileReference section */
		F3C5BC791429CFE200D1ABCF /* Table.app */ = {isa = PBXFileReference; explicitFileType = wrapper.application; includeInIndex = 0; path = Table.app; sourceTree = BUILT_PRODUCTS_DIR; };
		F3C5BC7D1429CFE200D1ABCF /* UIKit.framework */ = {isa = PBXFileReference; lastKnownFileType = wrapper.framework; name = UIKit.framework; path = System/Library/Frameworks/UIKit.framework; sourceTree = SDKROOT; };
		F3C5BC7F1429CFE200D1ABCF /* Foundation.framework */ = {isa = PBXFileReference; lastKnownFileType = wrapper.framework; name = Foundation.framework; path = System/Library/Frameworks/Foundation.framework; sourceTree = SDKROOT; };
		F3C5BC811429CFE200D1ABCF /* CoreGraphics.framework */ = {isa = PBXFileReference; lastKnownFileType = wrapper.framework; name = CoreGraphics.framework; path = System/Library/Frameworks/CoreGraphics.framework; sourceTree = SDKROOT; };
		F3C5BC851429CFE200D1ABCF /* Table-Info.plist */ = {isa = PBXFileReference; lastKnownFileType = text.plist.xml; path = "Table-Info.plist"; sourceTree = "<group>"; };
		F3C5BC871429CFE300D1ABCF /* en */ = {isa = PBXFileReference; lastKnownFileType = text.plist.strings; name = en; path = en.lproj/InfoPlist.strings; sourceTree = "<group>"; };
		F3C5BC891429CFE300D1ABCF /* main.m */ = {isa = PBXFileReference; lastKnownFileType = sourcecode.c.objc; path = main.m; sourceTree = "<group>"; };
		F3C5BC8B1429CFE300D1ABCF /* Table-Prefix.pch */ = {isa = PBXFileReference; lastKnownFileType = sourcecode.c.h; path = "Table-Prefix.pch"; sourceTree = "<group>"; };
		F3C5BC8C1429CFE300D1ABCF /* TableAppDelegate.h */ = {isa = PBXFileReference; lastKnownFileType = sourcecode.c.h; path = TableAppDelegate.h; sourceTree = "<group>"; };
		F3C5BC8D1429CFE300D1ABCF /* TableAppDelegate.m */ = {isa = PBXFileReference; lastKnownFileType = sourcecode.c.objc; path = TableAppDelegate.m; sourceTree = "<group>"; };
		F3C5BC901429CFE300D1ABCF /* en */ = {isa = PBXFileReference; lastKnownFileType = file.xib; name = en; path = en.lproj/MainWindow.xib; sourceTree = "<group>"; };
		F3C5BC921429CFE300D1ABCF /* TableViewController.h */ = {isa = PBXFileReference; lastKnownFileType = sourcecode.c.h; path = TableViewController.h; sourceTree = "<group>"; };
		F3C5BC931429CFE300D1ABCF /* TableViewController.m */ = {isa = PBXFileReference; lastKnownFileType = sourcecode.c.objc; path = TableViewController.m; sourceTree = "<group>"; };
		F3C5BC961429CFE300D1ABCF /* en */ = {isa = PBXFileReference; lastKnownFileType = file.xib; name = en; path = en.lproj/TableViewController.xib; sourceTree = "<group>"; };
/* End PBXFileReference section */

/* Begin PBXFrameworksBuildPhase section */
		F3C5BC761429CFE200D1ABCF /* Frameworks */ = {
			isa = PBXFrameworksBuildPhase;
			buildActionMask = 2147483647;
			files = (
				F3C5BC7E1429CFE200D1ABCF /* UIKit.framework in Frameworks */,
				F3C5BC801429CFE200D1ABCF /* Foundation.framework in Frameworks */,
				F3C5BC821429CFE200D1ABCF /* CoreGraphics.framework in Frameworks */,
			);
			runOnlyForDeploymentPostprocessing = 0;
		};
/* End PBXFrameworksBuildPhase section */

/* Begin PBXGroup section */
		F3C5BC6E1429CFE200D1ABCF = {
			isa = PBXGroup;
			children = (
				F3C5BC831429CFE200D1ABCF /* Table */,
				F3C5BC7C1429CFE200D1ABCF /* Frameworks */,
				F3C5BC7A1429CFE200D1ABCF /* Products */,
			);
			sourceTree = "<group>";
		};
		F3C5BC7A1429CFE200D1ABCF /* Products */ = {
			isa = PBXGroup;
			children = (
				F3C5BC791429CFE200D1ABCF /* Table.app */,
			);
			name = Products;
			sourceTree = "<group>";
		};
		F3C5BC7C1429CFE200D1ABCF /* Frameworks */ = {
			isa = PBXGroup;
			children = (
				F3C5BC7D1429CFE200D1ABCF /* UIKit.framework */,
				F3C5BC7F1429CFE200D1ABCF /* Foundation.framework */,
				F3C5BC811429CFE200D1ABCF /* CoreGraphics.framework */,
			);
			name = Frameworks;
			sourceTree = "<group>";
		};
		F3C5BC831429CFE200D1ABCF /* Table */ = {
			isa = PBXGroup;
			children = (
				F3C5BC8C1429CFE300D1ABCF /* TableAppDelegate.h */,
				F3C5BC8D1429CFE300D1ABCF /* TableAppDelegate.m */,
				F3C5BC8F1429CFE300D1ABCF /* MainWindow.xib */,
				F3C5BC921429CFE300D1ABCF /* TableViewController.h */,
				F3C5BC931429CFE300D1ABCF /* TableViewController.m */,
				F3C5BC951429CFE300D1ABCF /* TableViewController.xib */,
				F3C5BC841429CFE200D1ABCF /* Supporting Files */,
			);
			path = Table;
			sourceTree = "<group>";
		};
		F3C5BC841429CFE200D1ABCF /* Supporting Files */ = {
			isa = PBXGroup;
			children = (
				F3C5BC851429CFE200D1ABCF /* Table-Info.plist */,
				F3C5BC861429CFE300D1ABCF /* InfoPlist.strings */,
				F3C5BC891429CFE300D1ABCF /* main.m */,
				F3C5BC8B1429CFE300D1ABCF /* Table-Prefix.pch */,
			);
			name = "Supporting Files";
			sourceTree = "<group>";
		};
/* End PBXGroup section */

/* Begin PBXNativeTarget section */
		F3C5BC781429CFE200D1ABCF /* Table */ = {
			isa = PBXNativeTarget;
			buildConfigurationList = F3C5BC9A1429CFE300D1ABCF /* Build configuration list for PBXNativeTarget "Table" */;
			buildPhases = (
				F3C5BC751429CFE200D1ABCF /* Sources */,
				F3C5BC761429CFE200D1ABCF /* Frameworks */,
				F3C5BC771429CFE200D1ABCF /* Resources */,
			);
			buildRules = (
			);
			dependencies = (
			);
			name = Table;
			productName = Table;
			productReference = F3C5BC791429CFE200D1ABCF /* Table.app */;
			productType = "com.apple.product-type.application";
		};
/* End PBXNativeTarget section */

/* Begin PBXProject section */
		F3C5BC701429CFE200D1ABCF /* Project object */ = {
			isa = PBXProject;
			buildConfigurationList = F3C5BC731429CFE200D1ABCF /* Build configuration list for PBXProject "Table" */;
			compatibilityVersion = "Xcode 3.2";
			developmentRegion = English;
			hasScannedForEncodings = 0;
			knownRegions = (
				en,
			);
			mainGroup = F3C5BC6E1429CFE200D1ABCF;
			productRefGroup = F3C5BC7A1429CFE200D1ABCF /* Products */;
			projectDirPath = "";
			projectRoot = "";
			targets = (
				F3C5BC781429CFE200D1ABCF /* Table */,
			);
		};
/* End PBXProject section */

/* Begin PBXResourcesBuildPhase section */
		F3C5BC771429CFE200D1ABCF /* Resources */ = {
			isa = PBXResourcesBuildPhase;
			buildActionMask = 2147483647;
			files = (
				F3C5BC881429CFE300D1ABCF /* InfoPlist.strings in Resources */,
				F3C5BC911429CFE300D1ABCF /* MainWindow.xib in Resources */,
				F3C5BC971429CFE300D1ABCF /* TableViewController.xib in Resources */,
			);
			runOnlyForDeploymentPostprocessing = 0;
		};
/* End PBXResourcesBuildPhase section */

/* Begin PBXSourcesBuildPhase section */
		F3C5BC751429CFE200D1ABCF /* Sources */ = {
			isa = PBXSourcesBuildPhase;
			buildActionMask = 2147483647;
			files = (
				F3C5BC8A1429CFE300D1ABCF /* main.m in Sources */,
				F3C5BC8E1429CFE300D1ABCF /* TableAppDelegate.m in Sources */,
				F3C5BC941429CFE300D1ABCF /* TableViewController.m in Sources */,
			);
			runOnlyForDeploymentPostprocessing = 0;
		};
/* End PBXSourcesBuildPhase section */

/* Begin PBXVariantGroup section */
		F3C5BC861429CFE300D1ABCF /* InfoPlist.strings */ = {
			isa = PBXVariantGroup;
			children = (
				F3C5BC871429CFE300D1ABCF /* en */,
			);
			name = InfoPlist.strings;
			sourceTree = "<group>";
		};
		F3C5BC8F1429CFE300D1ABCF /* MainWindow.xib */ = {
			isa = PBXVariantGroup;
			children = (
				F3C5BC901429CFE300D1ABCF /* en */,
			);
			name = MainWindow.xib;
			sourceTree = "<group>";
		};
		F3C5BC951429CFE300D1ABCF /* TableViewController.xib */ = {
			isa = PBXVariantGroup;
			children = (
				F3C5BC961429CFE300D1ABCF /* en */,
			);
			name = TableViewController.xib;
			sourceTree = "<group>";
		};
/* End PBXVariantGroup section */

/* Begin XCBuildConfiguration section */
		F3C5BC981429CFE300D1ABCF /* Debug */ = {
			isa = XCBuildConfiguration;
			buildSettings = {
				ALWAYS_SEARCH_USER_PATHS = NO;
				ARCHS = "$(ARCHS_STANDARD_32_BIT)";
				"CODE_SIGN_IDENTITY[sdk=iphoneos*]" = "iPhone Developer";
				COPY_PHASE_STRIP = NO;
				GCC_C_LANGUAGE_STANDARD = gnu99;
				GCC_DYNAMIC_NO_PIC = NO;
				GCC_OPTIMIZATION_LEVEL = 0;
				GCC_PREPROCESSOR_DEFINITIONS = (
					"DEBUG=1",
					"$(inherited)",
				);
				GCC_SYMBOLS_PRIVATE_EXTERN = NO;
				GCC_VERSION = com.apple.compilers.llvmgcc42;
				GCC_WARN_ABOUT_MISSING_PROTOTYPES = YES;
				GCC_WARN_ABOUT_RETURN_TYPE = YES;
				GCC_WARN_UNUSED_VARIABLE = YES;
				IPHONEOS_DEPLOYMENT_TARGET = 4.3;
				SDKROOT = iphoneos;
			};
			name = Debug;
		};
		F3C5BC991429CFE300D1ABCF /* Release */ = {
			isa = XCBuildConfiguration;
			buildSettings = {
				ALWAYS_SEARCH_USER_PATHS = NO;
				ARCHS = "$(ARCHS_STANDARD_32_BIT)";
				"CODE_SIGN_IDENTITY[sdk=iphoneos*]" = "iPhone Developer";
				COPY_PHASE_STRIP = YES;
				GCC_C_LANGUAGE_STANDARD = gnu99;
				GCC_VERSION = com.apple.compilers.llvmgcc42;
				GCC_WARN_ABOUT_MISSING_PROTOTYPES = YES;
				GCC_WARN_ABOUT_RETURN_TYPE = YES;
				GCC_WARN_UNUSED_VARIABLE = YES;
				IPHONEOS_DEPLOYMENT_TARGET = 4.3;
				OTHER_CFLAGS = "-DNS_BLOCK_ASSERTIONS=1";
				SDKROOT = iphoneos;
				VALIDATE_PRODUCT = YES;
			};
			name = Release;
		};
		F3C5BC9B1429CFE300D1ABCF /* Debug */ = {
			isa = XCBuildConfiguration;
			buildSettings = {
				GCC_PRECOMPILE_PREFIX_HEADER = YES;
				GCC_PREFIX_HEADER = "Table/Table-Prefix.pch";
				GCC_TREAT_WARNINGS_AS_ERRORS = YES;
				INFOPLIST_FILE = "Table/Table-Info.plist";
				PRODUCT_NAME = "$(TARGET_NAME)";
				WRAPPER_EXTENSION = app;
			};
			name = Debug;
		};
		F3C5BC9C1429CFE300D1ABCF /* Release */ = {
			isa = XCBuildConfiguration;
			buildSettings = {
				GCC_PRECOMPILE_PREFIX_HEADER = YES;
				GCC_PREFIX_HEADER = "Table/Table-Prefix.pch";
				GCC_TREAT_WARNINGS_AS_ERRORS = YES;
				INFOPLIST_FILE = "Table/Table-Info.plist";
				PRODUCT_NAME = "$(TARGET_NAME)";
				WRAPPER_EXTENSION = app;
			};
			name = Release;
		};
/* End XCBuildConfiguration section */

/* Begin XCConfigurationList section */
		F3C5BC731429CFE200D1ABCF /* Build configuration list for PBXProject "Table" */ = {
			isa = XCConfigurationList;
			buildConfigurations = (
				F3C5BC981429CFE300D1ABCF /* Debug */,
				F3C5BC991429CFE300D1ABCF /* Release */,
			);
			defaultConfigurationIsVisible = 0;
			defaultConfigurationName = Release;
		};
		F3C5BC9A1429CFE300D1ABCF /* Build configuration list for PBXNativeTarget "Table" */ = {
			isa = XCConfigurationList;
			buildConfigurations = (
				F3C5BC9B1429CFE300D1ABCF /* Debug */,
				F3C5BC9C1429CFE300D1ABCF /* Release */,
			);
			defaultConfigurationIsVisible = 0;
		};
/* End XCConfigurationList section */
	};
	rootObject = F3C5BC701429CFE200D1ABCF /* Project object */;
}
